// !$*UTF8*$!
{
	archiveVersion = 1;
	classes = {
	};
	objectVersion = 77;
	objects = {

/* Begin PBXBuildFile section */
		894B2BC62DD33F930081F47B /* SwamaKit in Frameworks */ = {isa = PBXBuildFile; productRef = 894B2BC52DD33F930081F47B /* SwamaKit */; };
		8983B0302DD7316B00840502 /* swama-bin in CopyFiles */ = {isa = PBXBuildFile; fileRef = 894B2BC82DD3428A0081F47B /* swama-bin */; settings = {ATTRIBUTES = (CodeSignOnCopy, ); }; };
		8983B0322DD733BF00840502 /* mlx-swift_Cmlx.bundle in CopyFiles */ = {isa = PBXBuildFile; fileRef = 8983B0312DD733BF00840502 /* mlx-swift_Cmlx.bundle */; settings = {ATTRIBUTES = (CodeSignOnCopy, RemoveHeadersOnCopy, ); }; };
		8983B0342DD733C600840502 /* swift-transformers_Hub.bundle in CopyFiles */ = {isa = PBXBuildFile; fileRef = 8983B0332DD733C600840502 /* swift-transformers_Hub.bundle */; settings = {ATTRIBUTES = (CodeSignOnCopy, RemoveHeadersOnCopy, ); }; };
		8983B0362DD733CB00840502 /* swift-nio_NIOPosix.bundle in CopyFiles */ = {isa = PBXBuildFile; fileRef = 8983B0352DD733CB00840502 /* swift-nio_NIOPosix.bundle */; settings = {ATTRIBUTES = (CodeSignOnCopy, RemoveHeadersOnCopy, ); }; };
/* End PBXBuildFile section */

/* Begin PBXContainerItemProxy section */
		894B2BA82DD33F690081F47B /* PBXContainerItemProxy */ = {
			isa = PBXContainerItemProxy;
			containerPortal = 894B2B912DD33F680081F47B /* Project object */;
			proxyType = 1;
			remoteGlobalIDString = 894B2B982DD33F680081F47B;
			remoteInfo = Swama;
		};
		894B2BB22DD33F690081F47B /* PBXContainerItemProxy */ = {
			isa = PBXContainerItemProxy;
			containerPortal = 894B2B912DD33F680081F47B /* Project object */;
			proxyType = 1;
			remoteGlobalIDString = 894B2B982DD33F680081F47B;
			remoteInfo = Swama;
		};
/* End PBXContainerItemProxy section */

/* Begin PBXCopyFilesBuildPhase section */
		894B2BC72DD3405D0081F47B /* CopyFiles */ = {
			isa = PBXCopyFilesBuildPhase;
			buildActionMask = 2147483647;
			dstPath = Contents/Helpers;
			dstSubfolderSpec = 1;
			files = (
				8983B0302DD7316B00840502 /* swama-bin in CopyFiles */,
				8983B0342DD733C600840502 /* swift-transformers_Hub.bundle in CopyFiles */,
				8983B0362DD733CB00840502 /* swift-nio_NIOPosix.bundle in CopyFiles */,
				8983B0322DD733BF00840502 /* mlx-swift_Cmlx.bundle in CopyFiles */,
			);
			runOnlyForDeploymentPostprocessing = 0;
		};
/* End PBXCopyFilesBuildPhase section */

/* Begin PBXFileReference section */
		894B2B992DD33F680081F47B /* Swama.app */ = {isa = PBXFileReference; explicitFileType = wrapper.application; includeInIndex = 0; path = Swama.app; sourceTree = BUILT_PRODUCTS_DIR; };
		894B2BA72DD33F690081F47B /* SwamaTests.xctest */ = {isa = PBXFileReference; explicitFileType = wrapper.cfbundle; includeInIndex = 0; path = SwamaTests.xctest; sourceTree = BUILT_PRODUCTS_DIR; };
		894B2BB12DD33F690081F47B /* SwamaUITests.xctest */ = {isa = PBXFileReference; explicitFileType = wrapper.cfbundle; includeInIndex = 0; path = SwamaUITests.xctest; sourceTree = BUILT_PRODUCTS_DIR; };
		894B2BC82DD3428A0081F47B /* swama-bin */ = {isa = PBXFileReference; lastKnownFileType = "compiled.mach-o.executable"; name = "swama-bin"; path = "../../swama/.build/arm64-apple-macosx/release/swama-bin"; sourceTree = "<group>"; };
		8983B0312DD733BF00840502 /* mlx-swift_Cmlx.bundle */ = {isa = PBXFileReference; lastKnownFileType = "wrapper.plug-in"; path = "mlx-swift_Cmlx.bundle"; sourceTree = "<group>"; };
		8983B0332DD733C600840502 /* swift-transformers_Hub.bundle */ = {isa = PBXFileReference; lastKnownFileType = "wrapper.plug-in"; path = "swift-transformers_Hub.bundle"; sourceTree = "<group>"; };
		8983B0352DD733CB00840502 /* swift-nio_NIOPosix.bundle */ = {isa = PBXFileReference; lastKnownFileType = "wrapper.plug-in"; path = "swift-nio_NIOPosix.bundle"; sourceTree = "<group>"; };
/* End PBXFileReference section */

/* Begin PBXFileSystemSynchronizedRootGroup section */
		894B2B9B2DD33F680081F47B /* Swama */ = {
			isa = PBXFileSystemSynchronizedRootGroup;
			path = Swama;
			sourceTree = "<group>";
		};
		894B2BAA2DD33F690081F47B /* SwamaTests */ = {
			isa = PBXFileSystemSynchronizedRootGroup;
			path = SwamaTests;
			sourceTree = "<group>";
		};
		894B2BB42DD33F690081F47B /* SwamaUITests */ = {
			isa = PBXFileSystemSynchronizedRootGroup;
			path = SwamaUITests;
			sourceTree = "<group>";
		};
/* End PBXFileSystemSynchronizedRootGroup section */

/* Begin PBXFrameworksBuildPhase section */
		894B2B962DD33F680081F47B /* Frameworks */ = {
			isa = PBXFrameworksBuildPhase;
			buildActionMask = 2147483647;
			files = (
				894B2BC62DD33F930081F47B /* SwamaKit in Frameworks */,
			);
			runOnlyForDeploymentPostprocessing = 0;
		};
		894B2BA42DD33F690081F47B /* Frameworks */ = {
			isa = PBXFrameworksBuildPhase;
			buildActionMask = 2147483647;
			files = (
			);
			runOnlyForDeploymentPostprocessing = 0;
		};
		894B2BAE2DD33F690081F47B /* Frameworks */ = {
			isa = PBXFrameworksBuildPhase;
			buildActionMask = 2147483647;
			files = (
			);
			runOnlyForDeploymentPostprocessing = 0;
		};
/* End PBXFrameworksBuildPhase section */

/* Begin PBXGroup section */
		894B2B902DD33F680081F47B = {
			isa = PBXGroup;
			children = (
				8983B0352DD733CB00840502 /* swift-nio_NIOPosix.bundle */,
				8983B0332DD733C600840502 /* swift-transformers_Hub.bundle */,
				8983B0312DD733BF00840502 /* mlx-swift_Cmlx.bundle */,
				894B2BC82DD3428A0081F47B /* swama-bin */,
				894B2B9B2DD33F680081F47B /* Swama */,
				894B2BAA2DD33F690081F47B /* SwamaTests */,
				894B2BB42DD33F690081F47B /* SwamaUITests */,
				894B2B9A2DD33F680081F47B /* Products */,
			);
			sourceTree = "<group>";
		};
		894B2B9A2DD33F680081F47B /* Products */ = {
			isa = PBXGroup;
			children = (
				894B2B992DD33F680081F47B /* Swama.app */,
				894B2BA72DD33F690081F47B /* SwamaTests.xctest */,
				894B2BB12DD33F690081F47B /* SwamaUITests.xctest */,
			);
			name = Products;
			sourceTree = "<group>";
		};
/* End PBXGroup section */

/* Begin PBXNativeTarget section */
		894B2B982DD33F680081F47B /* Swama */ = {
			isa = PBXNativeTarget;
			buildConfigurationList = 894B2BBB2DD33F690081F47B /* Build configuration list for PBXNativeTarget "Swama" */;
			buildPhases = (
				894B2B952DD33F680081F47B /* Sources */,
				894B2B962DD33F680081F47B /* Frameworks */,
				894B2B972DD33F680081F47B /* Resources */,
				894B2BC72DD3405D0081F47B /* CopyFiles */,
			);
			buildRules = (
			);
			dependencies = (
			);
			fileSystemSynchronizedGroups = (
				894B2B9B2DD33F680081F47B /* Swama */,
			);
			name = Swama;
			packageProductDependencies = (
				894B2BC52DD33F930081F47B /* SwamaKit */,
			);
			productName = Swama;
			productReference = 894B2B992DD33F680081F47B /* Swama.app */;
			productType = "com.apple.product-type.application";
		};
		894B2BA62DD33F690081F47B /* SwamaTests */ = {
			isa = PBXNativeTarget;
			buildConfigurationList = 894B2BBE2DD33F690081F47B /* Build configuration list for PBXNativeTarget "SwamaTests" */;
			buildPhases = (
				894B2BA32DD33F690081F47B /* Sources */,
				894B2BA42DD33F690081F47B /* Frameworks */,
				894B2BA52DD33F690081F47B /* Resources */,
			);
			buildRules = (
			);
			dependencies = (
				894B2BA92DD33F690081F47B /* PBXTargetDependency */,
			);
			fileSystemSynchronizedGroups = (
				894B2BAA2DD33F690081F47B /* SwamaTests */,
			);
			name = SwamaTests;
			packageProductDependencies = (
			);
			productName = SwamaTests;
			productReference = 894B2BA72DD33F690081F47B /* SwamaTests.xctest */;
			productType = "com.apple.product-type.bundle.unit-test";
		};
		894B2BB02DD33F690081F47B /* SwamaUITests */ = {
			isa = PBXNativeTarget;
			buildConfigurationList = 894B2BC12DD33F690081F47B /* Build configuration list for PBXNativeTarget "SwamaUITests" */;
			buildPhases = (
				894B2BAD2DD33F690081F47B /* Sources */,
				894B2BAE2DD33F690081F47B /* Frameworks */,
				894B2BAF2DD33F690081F47B /* Resources */,
			);
			buildRules = (
			);
			dependencies = (
				894B2BB32DD33F690081F47B /* PBXTargetDependency */,
			);
			fileSystemSynchronizedGroups = (
				894B2BB42DD33F690081F47B /* SwamaUITests */,
			);
			name = SwamaUITests;
			packageProductDependencies = (
			);
			productName = SwamaUITests;
			productReference = 894B2BB12DD33F690081F47B /* SwamaUITests.xctest */;
			productType = "com.apple.product-type.bundle.ui-testing";
		};
/* End PBXNativeTarget section */

/* Begin PBXProject section */
		894B2B912DD33F680081F47B /* Project object */ = {
			isa = PBXProject;
			attributes = {
				BuildIndependentTargetsInParallel = 1;
				LastSwiftUpdateCheck = 1630;
				LastUpgradeCheck = 1630;
				TargetAttributes = {
					894B2B982DD33F680081F47B = {
						CreatedOnToolsVersion = 16.3;
					};
					894B2BA62DD33F690081F47B = {
						CreatedOnToolsVersion = 16.3;
						TestTargetID = 894B2B982DD33F680081F47B;
					};
					894B2BB02DD33F690081F47B = {
						CreatedOnToolsVersion = 16.3;
						TestTargetID = 894B2B982DD33F680081F47B;
					};
				};
			};
			buildConfigurationList = 894B2B942DD33F680081F47B /* Build configuration list for PBXProject "Swama" */;
			developmentRegion = en;
			hasScannedForEncodings = 0;
			knownRegions = (
				en,
				Base,
			);
			mainGroup = 894B2B902DD33F680081F47B;
			minimizedProjectReferenceProxies = 1;
			packageReferences = (
				894B4F8E2DF6DD3C000E0E11 /* XCLocalSwiftPackageReference "../../swama" */,
			);
			preferredProjectObjectVersion = 77;
			productRefGroup = 894B2B9A2DD33F680081F47B /* Products */;
			projectDirPath = "";
			projectRoot = "";
			targets = (
				894B2B982DD33F680081F47B /* Swama */,
				894B2BA62DD33F690081F47B /* SwamaTests */,
				894B2BB02DD33F690081F47B /* SwamaUITests */,
			);
		};
/* End PBXProject section */

/* Begin PBXResourcesBuildPhase section */
		894B2B972DD33F680081F47B /* Resources */ = {
			isa = PBXResourcesBuildPhase;
			buildActionMask = 2147483647;
			files = (
			);
			runOnlyForDeploymentPostprocessing = 0;
		};
		894B2BA52DD33F690081F47B /* Resources */ = {
			isa = PBXResourcesBuildPhase;
			buildActionMask = 2147483647;
			files = (
			);
			runOnlyForDeploymentPostprocessing = 0;
		};
		894B2BAF2DD33F690081F47B /* Resources */ = {
			isa = PBXResourcesBuildPhase;
			buildActionMask = 2147483647;
			files = (
			);
			runOnlyForDeploymentPostprocessing = 0;
		};
/* End PBXResourcesBuildPhase section */

/* Begin PBXSourcesBuildPhase section */
		894B2B952DD33F680081F47B /* Sources */ = {
			isa = PBXSourcesBuildPhase;
			buildActionMask = 2147483647;
			files = (
			);
			runOnlyForDeploymentPostprocessing = 0;
		};
		894B2BA32DD33F690081F47B /* Sources */ = {
			isa = PBXSourcesBuildPhase;
			buildActionMask = 2147483647;
			files = (
			);
			runOnlyForDeploymentPostprocessing = 0;
		};
		894B2BAD2DD33F690081F47B /* Sources */ = {
			isa = PBXSourcesBuildPhase;
			buildActionMask = 2147483647;
			files = (
			);
			runOnlyForDeploymentPostprocessing = 0;
		};
/* End PBXSourcesBuildPhase section */

/* Begin PBXTargetDependency section */
		894B2BA92DD33F690081F47B /* PBXTargetDependency */ = {
			isa = PBXTargetDependency;
			target = 894B2B982DD33F680081F47B /* Swama */;
			targetProxy = 894B2BA82DD33F690081F47B /* PBXContainerItemProxy */;
		};
		894B2BB32DD33F690081F47B /* PBXTargetDependency */ = {
			isa = PBXTargetDependency;
			target = 894B2B982DD33F680081F47B /* Swama */;
			targetProxy = 894B2BB22DD33F690081F47B /* PBXContainerItemProxy */;
		};
/* End PBXTargetDependency section */

/* Begin XCBuildConfiguration section */
		894B2BB92DD33F690081F47B /* Debug */ = {
			isa = XCBuildConfiguration;
			buildSettings = {
				ALWAYS_SEARCH_USER_PATHS = NO;
				ASSETCATALOG_COMPILER_GENERATE_SWIFT_ASSET_SYMBOL_EXTENSIONS = YES;
				CLANG_ANALYZER_NONNULL = YES;
				CLANG_ANALYZER_NUMBER_OBJECT_CONVERSION = YES_AGGRESSIVE;
				CLANG_CXX_LANGUAGE_STANDARD = "gnu++20";
				CLANG_ENABLE_MODULES = YES;
				CLANG_ENABLE_OBJC_ARC = YES;
				CLANG_ENABLE_OBJC_WEAK = YES;
				CLANG_WARN_BLOCK_CAPTURE_AUTORELEASING = YES;
				CLANG_WARN_BOOL_CONVERSION = YES;
				CLANG_WARN_COMMA = YES;
				CLANG_WARN_CONSTANT_CONVERSION = YES;
				CLANG_WARN_DEPRECATED_OBJC_IMPLEMENTATIONS = YES;
				CLANG_WARN_DIRECT_OBJC_ISA_USAGE = YES_ERROR;
				CLANG_WARN_DOCUMENTATION_COMMENTS = YES;
				CLANG_WARN_EMPTY_BODY = YES;
				CLANG_WARN_ENUM_CONVERSION = YES;
				CLANG_WARN_INFINITE_RECURSION = YES;
				CLANG_WARN_INT_CONVERSION = YES;
				CLANG_WARN_NON_LITERAL_NULL_CONVERSION = YES;
				CLANG_WARN_OBJC_IMPLICIT_RETAIN_SELF = YES;
				CLANG_WARN_OBJC_LITERAL_CONVERSION = YES;
				CLANG_WARN_OBJC_ROOT_CLASS = YES_ERROR;
				CLANG_WARN_QUOTED_INCLUDE_IN_FRAMEWORK_HEADER = YES;
				CLANG_WARN_RANGE_LOOP_ANALYSIS = YES;
				CLANG_WARN_STRICT_PROTOTYPES = YES;
				CLANG_WARN_SUSPICIOUS_MOVE = YES;
				CLANG_WARN_UNGUARDED_AVAILABILITY = YES_AGGRESSIVE;
				CLANG_WARN_UNREACHABLE_CODE = YES;
				CLANG_WARN__DUPLICATE_METHOD_MATCH = YES;
				COPY_PHASE_STRIP = NO;
				DEBUG_INFORMATION_FORMAT = dwarf;
				ENABLE_STRICT_OBJC_MSGSEND = YES;
				ENABLE_TESTABILITY = YES;
				ENABLE_USER_SCRIPT_SANDBOXING = YES;
				GCC_C_LANGUAGE_STANDARD = gnu17;
				GCC_DYNAMIC_NO_PIC = NO;
				GCC_NO_COMMON_BLOCKS = YES;
				GCC_OPTIMIZATION_LEVEL = 0;
				GCC_PREPROCESSOR_DEFINITIONS = (
					"DEBUG=1",
					"$(inherited)",
				);
				GCC_WARN_64_TO_32_BIT_CONVERSION = YES;
				GCC_WARN_ABOUT_RETURN_TYPE = YES_ERROR;
				GCC_WARN_UNDECLARED_SELECTOR = YES;
				GCC_WARN_UNINITIALIZED_AUTOS = YES_AGGRESSIVE;
				GCC_WARN_UNUSED_FUNCTION = YES;
				GCC_WARN_UNUSED_VARIABLE = YES;
				LOCALIZATION_PREFERS_STRING_CATALOGS = YES;
				MACOSX_DEPLOYMENT_TARGET = 15.4;
				MTL_ENABLE_DEBUG_INFO = INCLUDE_SOURCE;
				MTL_FAST_MATH = YES;
				ONLY_ACTIVE_ARCH = YES;
				SDKROOT = macosx;
				SWIFT_ACTIVE_COMPILATION_CONDITIONS = "DEBUG $(inherited)";
				SWIFT_OPTIMIZATION_LEVEL = "-Onone";
			};
			name = Debug;
		};
		894B2BBA2DD33F690081F47B /* Release */ = {
			isa = XCBuildConfiguration;
			buildSettings = {
				ALWAYS_SEARCH_USER_PATHS = NO;
				ASSETCATALOG_COMPILER_GENERATE_SWIFT_ASSET_SYMBOL_EXTENSIONS = YES;
				CLANG_ANALYZER_NONNULL = YES;
				CLANG_ANALYZER_NUMBER_OBJECT_CONVERSION = YES_AGGRESSIVE;
				CLANG_CXX_LANGUAGE_STANDARD = "gnu++20";
				CLANG_ENABLE_MODULES = YES;
				CLANG_ENABLE_OBJC_ARC = YES;
				CLANG_ENABLE_OBJC_WEAK = YES;
				CLANG_WARN_BLOCK_CAPTURE_AUTORELEASING = YES;
				CLANG_WARN_BOOL_CONVERSION = YES;
				CLANG_WARN_COMMA = YES;
				CLANG_WARN_CONSTANT_CONVERSION = YES;
				CLANG_WARN_DEPRECATED_OBJC_IMPLEMENTATIONS = YES;
				CLANG_WARN_DIRECT_OBJC_ISA_USAGE = YES_ERROR;
				CLANG_WARN_DOCUMENTATION_COMMENTS = YES;
				CLANG_WARN_EMPTY_BODY = YES;
				CLANG_WARN_ENUM_CONVERSION = YES;
				CLANG_WARN_INFINITE_RECURSION = YES;
				CLANG_WARN_INT_CONVERSION = YES;
				CLANG_WARN_NON_LITERAL_NULL_CONVERSION = YES;
				CLANG_WARN_OBJC_IMPLICIT_RETAIN_SELF = YES;
				CLANG_WARN_OBJC_LITERAL_CONVERSION = YES;
				CLANG_WARN_OBJC_ROOT_CLASS = YES_ERROR;
				CLANG_WARN_QUOTED_INCLUDE_IN_FRAMEWORK_HEADER = YES;
				CLANG_WARN_RANGE_LOOP_ANALYSIS = YES;
				CLANG_WARN_STRICT_PROTOTYPES = YES;
				CLANG_WARN_SUSPICIOUS_MOVE = YES;
				CLANG_WARN_UNGUARDED_AVAILABILITY = YES_AGGRESSIVE;
				CLANG_WARN_UNREACHABLE_CODE = YES;
				CLANG_WARN__DUPLICATE_METHOD_MATCH = YES;
				COPY_PHASE_STRIP = NO;
				DEBUG_INFORMATION_FORMAT = "dwarf-with-dsym";
				ENABLE_NS_ASSERTIONS = NO;
				ENABLE_STRICT_OBJC_MSGSEND = YES;
				ENABLE_USER_SCRIPT_SANDBOXING = YES;
				GCC_C_LANGUAGE_STANDARD = gnu17;
				GCC_NO_COMMON_BLOCKS = YES;
				GCC_WARN_64_TO_32_BIT_CONVERSION = YES;
				GCC_WARN_ABOUT_RETURN_TYPE = YES_ERROR;
				GCC_WARN_UNDECLARED_SELECTOR = YES;
				GCC_WARN_UNINITIALIZED_AUTOS = YES_AGGRESSIVE;
				GCC_WARN_UNUSED_FUNCTION = YES;
				GCC_WARN_UNUSED_VARIABLE = YES;
				LOCALIZATION_PREFERS_STRING_CATALOGS = YES;
				MACOSX_DEPLOYMENT_TARGET = 15.4;
				MTL_ENABLE_DEBUG_INFO = NO;
				MTL_FAST_MATH = YES;
				SDKROOT = macosx;
				SWIFT_COMPILATION_MODE = wholemodule;
			};
			name = Release;
		};
		894B2BBC2DD33F690081F47B /* Debug */ = {
			isa = XCBuildConfiguration;
			buildSettings = {
				ASSETCATALOG_COMPILER_APPICON_NAME = AppIcon;
				ASSETCATALOG_COMPILER_GLOBAL_ACCENT_COLOR_NAME = AccentColor;
				ASSETCATALOG_COMPILER_INCLUDE_ALL_APPICON_ASSETS = NO;
				CODE_SIGN_ENTITLEMENTS = Swama/Swama.entitlements;
				CODE_SIGN_STYLE = Automatic;
				COMBINE_HIDPI_IMAGES = YES;
				CURRENT_PROJECT_VERSION = 1;
				ENABLE_PREVIEWS = YES;
				GENERATE_INFOPLIST_FILE = YES;
				INFOPLIST_KEY_LSApplicationCategoryType = "public.app-category.developer-tools";
				INFOPLIST_KEY_NSHumanReadableCopyright = "";
				LD_RUNPATH_SEARCH_PATHS = (
					"$(inherited)",
					"@executable_path/../Frameworks",
				);
				MACOSX_DEPLOYMENT_TARGET = 14.6;
				MARKETING_VERSION = 1.4.0;
				PRODUCT_BUNDLE_IDENTIFIER = "trans-n.ai.Swama";
				PRODUCT_NAME = "$(TARGET_NAME)";
				REGISTER_APP_GROUPS = YES;
				SWIFT_EMIT_LOC_STRINGS = YES;
				SWIFT_VERSION = 5.0;
			};
			name = Debug;
		};
		894B2BBD2DD33F690081F47B /* Release */ = {
			isa = XCBuildConfiguration;
			buildSettings = {
				ASSETCATALOG_COMPILER_APPICON_NAME = AppIcon;
				ASSETCATALOG_COMPILER_GLOBAL_ACCENT_COLOR_NAME = AccentColor;
				ASSETCATALOG_COMPILER_INCLUDE_ALL_APPICON_ASSETS = NO;
				CODE_SIGN_ENTITLEMENTS = Swama/Swama.entitlements;
				"CODE_SIGN_IDENTITY[sdk=macosx*]" = "-";
				CODE_SIGN_STYLE = Automatic;
				COMBINE_HIDPI_IMAGES = YES;
				CURRENT_PROJECT_VERSION = 1;
				DEVELOPMENT_TEAM = T49MMX5J28;
				ENABLE_HARDENED_RUNTIME = YES;
				ENABLE_PREVIEWS = YES;
				GENERATE_INFOPLIST_FILE = YES;
				INFOPLIST_KEY_LSApplicationCategoryType = "public.app-category.developer-tools";
				INFOPLIST_KEY_NSHumanReadableCopyright = "";
				LD_RUNPATH_SEARCH_PATHS = (
					"$(inherited)",
					"@executable_path/../Frameworks",
				);
				MACOSX_DEPLOYMENT_TARGET = 14.6;
				MARKETING_VERSION = 1.4.0;
				PRODUCT_BUNDLE_IDENTIFIER = "trans-n.ai.Swama";
				PRODUCT_NAME = "$(TARGET_NAME)";
				REGISTER_APP_GROUPS = YES;
				SWIFT_EMIT_LOC_STRINGS = YES;
				SWIFT_VERSION = 5.0;
			};
			name = Release;
		};
		894B2BBF2DD33F690081F47B /* Debug */ = {
			isa = XCBuildConfiguration;
			buildSettings = {
				BUNDLE_LOADER = "$(TEST_HOST)";
				CODE_SIGN_STYLE = Automatic;
				CURRENT_PROJECT_VERSION = 1;
				GENERATE_INFOPLIST_FILE = YES;
				MACOSX_DEPLOYMENT_TARGET = 15.4;
				MARKETING_VERSION = 1.0;
				PRODUCT_BUNDLE_IDENTIFIER = "trans-n.ai.SwamaTests";
				PRODUCT_NAME = "$(TARGET_NAME)";
				SWIFT_EMIT_LOC_STRINGS = NO;
				SWIFT_VERSION = 5.0;
				TEST_HOST = "$(BUILT_PRODUCTS_DIR)/Swama.app/$(BUNDLE_EXECUTABLE_FOLDER_PATH)/Swama";
			};
			name = Debug;
		};
		894B2BC02DD33F690081F47B /* Release */ = {
			isa = XCBuildConfiguration;
			buildSettings = {
				BUNDLE_LOADER = "$(TEST_HOST)";
				CODE_SIGN_STYLE = Automatic;
				CURRENT_PROJECT_VERSION = 1;
				GENERATE_INFOPLIST_FILE = YES;
				MACOSX_DEPLOYMENT_TARGET = 15.4;
				MARKETING_VERSION = 1.0;
				PRODUCT_BUNDLE_IDENTIFIER = "trans-n.ai.SwamaTests";
				PRODUCT_NAME = "$(TARGET_NAME)";
				SWIFT_EMIT_LOC_STRINGS = NO;
				SWIFT_VERSION = 5.0;
				TEST_HOST = "$(BUILT_PRODUCTS_DIR)/Swama.app/$(BUNDLE_EXECUTABLE_FOLDER_PATH)/Swama";
			};
			name = Release;
		};
		894B2BC22DD33F690081F47B /* Debug */ = {
			isa = XCBuildConfiguration;
			buildSettings = {
				CODE_SIGN_STYLE = Automatic;
				CURRENT_PROJECT_VERSION = 1;
				DEVELOPMENT_TEAM = T49MMX5J28;
				GENERATE_INFOPLIST_FILE = YES;
				MACOSX_DEPLOYMENT_TARGET = 14.6;
				MARKETING_VERSION = 1.0;
				PRODUCT_BUNDLE_IDENTIFIER = "trans-n.ai.SwamaUITests";
				PRODUCT_NAME = "$(TARGET_NAME)";
				SWIFT_EMIT_LOC_STRINGS = NO;
				SWIFT_VERSION = 5.0;
				TEST_TARGET_NAME = Swama;
			};
			name = Debug;
		};
		894B2BC32DD33F690081F47B /* Release */ = {
			isa = XCBuildConfiguration;
			buildSettings = {
				CODE_SIGN_STYLE = Automatic;
				CURRENT_PROJECT_VERSION = 1;
				DEVELOPMENT_TEAM = T49MMX5J28;
				GENERATE_INFOPLIST_FILE = YES;
				MACOSX_DEPLOYMENT_TARGET = 14.6;
				MARKETING_VERSION = 1.0;
				PRODUCT_BUNDLE_IDENTIFIER = "trans-n.ai.SwamaUITests";
				PRODUCT_NAME = "$(TARGET_NAME)";
				SWIFT_EMIT_LOC_STRINGS = NO;
				SWIFT_VERSION = 5.0;
				TEST_TARGET_NAME = Swama;
			};
			name = Release;
		};
/* End XCBuildConfiguration section */

/* Begin XCConfigurationList section */
		894B2B942DD33F680081F47B /* Build configuration list for PBXProject "Swama" */ = {
			isa = XCConfigurationList;
			buildConfigurations = (
				894B2BB92DD33F690081F47B /* Debug */,
				894B2BBA2DD33F690081F47B /* Release */,
			);
			defaultConfigurationIsVisible = 0;
			defaultConfigurationName = Release;
		};
		894B2BBB2DD33F690081F47B /* Build configuration list for PBXNativeTarget "Swama" */ = {
			isa = XCConfigurationList;
			buildConfigurations = (
				894B2BBC2DD33F690081F47B /* Debug */,
				894B2BBD2DD33F690081F47B /* Release */,
			);
			defaultConfigurationIsVisible = 0;
			defaultConfigurationName = Release;
		};
		894B2BBE2DD33F690081F47B /* Build configuration list for PBXNativeTarget "SwamaTests" */ = {
			isa = XCConfigurationList;
			buildConfigurations = (
				894B2BBF2DD33F690081F47B /* Debug */,
				894B2BC02DD33F690081F47B /* Release */,
			);
			defaultConfigurationIsVisible = 0;
			defaultConfigurationName = Release;
		};
		894B2BC12DD33F690081F47B /* Build configuration list for PBXNativeTarget "SwamaUITests" */ = {
			isa = XCConfigurationList;
			buildConfigurations = (
				894B2BC22DD33F690081F47B /* Debug */,
				894B2BC32DD33F690081F47B /* Release */,
			);
			defaultConfigurationIsVisible = 0;
			defaultConfigurationName = Release;
		};
/* End XCConfigurationList section */

/* Begin XCLocalSwiftPackageReference section */
		894B4F8E2DF6DD3C000E0E11 /* XCLocalSwiftPackageReference "../../swama" */ = {
			isa = XCLocalSwiftPackageReference;
			relativePath = ../../swama;
		};
/* End XCLocalSwiftPackageReference section */

/* Begin XCSwiftPackageProductDependency section */
		894B2BC52DD33F930081F47B /* SwamaKit */ = {
			isa = XCSwiftPackageProductDependency;
			package = 894B4F8E2DF6DD3C000E0E11 /* XCLocalSwiftPackageReference "../../swama" */;
			productName = SwamaKit;
		};
/* End XCSwiftPackageProductDependency section */
	};
	rootObject = 894B2B912DD33F680081F47B /* Project object */;
}
